<Solution>
  <Folder Name="/src/">
    <Project Path="src/libs/WebRTC/WebRTC.csproj" />
    <Project Path="src/tests/WebRTC.ProtocolTests/WebRTC.ProtocolTests.csproj" />
    <Project Path="src/tests/WebRTC.AotSmoke/WebRTC.AotSmoke.csproj" />
    <Project Path="src/tests/WebRTC.IntegrationTests/WebRTC.IntegrationTests.csproj" />
  </Folder>
  <Folder Name="/tests/">
    <Project Path="tests/interop/Chromium/BrowserPeer.csproj" />
  </Folder>
</Solution>
